
Microsoft Visual Studio Solution File, Format Version 12.00
# Visual Studio Version 17
VisualStudioVersion = 17.9.34622.214
MinimumVisualStudioVersion = 10.0.40219.1
Project("{FAE04EC0-301F-11D3-BF4B-00C04F79EFBC}") = "exe10", "exe10\exe10.csproj", "{7B228606-A6C5-4595-BE22-863AFD054FAD}"
EndProject
Global
	GlobalSection(SolutionConfigurationPlatforms) = preSolution
		Debug|Any CPU = Debug|Any CPU
		Release|Any CPU = Release|Any CPU
	EndGlobalSection
	GlobalSection(ProjectConfigurationPlatforms) = postSolution
		{7B228606-A6C5-4595-BE22-863AFD054FAD}.Debug|Any CPU.ActiveCfg = Debug|Any CPU
		{7B228606-A6C5-4595-BE22-863AFD054FAD}.Debug|Any CPU.Build.0 = Debug|Any CPU
		{7B228606-A6C5-4595-BE22-863AFD054FAD}.Release|Any CPU.ActiveCfg = Release|Any CPU
		{7B228606-A6C5-4595-BE22-863AFD054FAD}.Release|Any CPU.Build.0 = Release|Any CPU
	EndGlobalSection
	GlobalSection(SolutionProperties) = preSolution
		HideSolutionNode = FALSE
	EndGlobalSection
	GlobalSection(ExtensibilityGlobals) = postSolution
		SolutionGuid = {965F3CE3-15EA-4886-A33B-FF45BE62C912}
	EndGlobalSection
EndGlobal
