
Microsoft Visual Studio Solution File, Format Version 12.00
# Visual Studio Version 17
VisualStudioVersion = 17.9.34622.214
MinimumVisualStudioVersion = 10.0.40219.1
Project("{FAE04EC0-301F-11D3-BF4B-00C04F79EFBC}") = "exe3", "exe3\exe3.csproj", "{F00BFE81-D081-49C4-88FB-39DF33ACEA6E}"
EndProject
Global
	GlobalSection(SolutionConfigurationPlatforms) = preSolution
		Debug|Any CPU = Debug|Any CPU
		Release|Any CPU = Release|Any CPU
	EndGlobalSection
	GlobalSection(ProjectConfigurationPlatforms) = postSolution
		{F00BFE81-D081-49C4-88FB-39DF33ACEA6E}.Debug|Any CPU.ActiveCfg = Debug|Any CPU
		{F00BFE81-D081-49C4-88FB-39DF33ACEA6E}.Debug|Any CPU.Build.0 = Debug|Any CPU
		{F00BFE81-D081-49C4-88FB-39DF33ACEA6E}.Release|Any CPU.ActiveCfg = Release|Any CPU
		{F00BFE81-D081-49C4-88FB-39DF33ACEA6E}.Release|Any CPU.Build.0 = Release|Any CPU
	EndGlobalSection
	GlobalSection(SolutionProperties) = preSolution
		HideSolutionNode = FALSE
	EndGlobalSection
	GlobalSection(ExtensibilityGlobals) = postSolution
		SolutionGuid = {F4A159B2-3C69-4BD7-BCDB-A8FFF934E091}
	EndGlobalSection
EndGlobal
